
Microsoft Visual Studio Solution File, Format Version 12.00
# Visual Studio 14
VisualStudioVersion = 14.0.25420.1
MinimumVisualStudioVersion = 10.0.40219.1
Project("{FAE04EC0-301F-11D3-BF4B-00C04F79EFBC}") = "MpcDigitize.FFmpeg.Net.Wrapper", "mpcdigitize.ffmpeg.wrapper\MpcDigitize.FFmpeg.Net.Wrapper.csproj", "{8402BC85-950C-437D-A61E-412B67DDEA1A}"
EndProject
Project("{FAE04EC0-301F-11D3-BF4B-00C04F79EFBC}") = "Mpcdigitize.Ffmpeg.Wrapper.Console", "mpcdigitize.ffmpeg.wrapper.console\Mpcdigitize.Ffmpeg.Wrapper.Console.csproj", "{5D5C2C5E-020F-4BC4-9D37-E14E144C690D}"
EndProject
Project("{FAE04EC0-301F-11D3-BF4B-00C04F79EFBC}") = "Mpcdigitize.Ffmpeg.Wrapper.WinForm", "Mpcdigitize.Ffmpeg.Wrapper.WinForm\Mpcdigitize.Ffmpeg.Wrapper.WinForm.csproj", "{26BBCC23-1DD4-4C79-8A90-E3AF05962BE0}"
EndProject
Project("{FAE04EC0-301F-11D3-BF4B-00C04F79EFBC}") = "Mpcdigitize.Ffmpeg.Wrapper.WPF", "Mpcdigitize.Ffmpeg.Wrapper.WPF\Mpcdigitize.Ffmpeg.Wrapper.WPF.csproj", "{63B542F4-9611-40DB-B98A-B9807E500F3D}"
EndProject
Global
	GlobalSection(SolutionConfigurationPlatforms) = preSolution
		Debug|Any CPU = Debug|Any CPU
		Release|Any CPU = Release|Any CPU
	EndGlobalSection
	GlobalSection(ProjectConfigurationPlatforms) = postSolution
		{8402BC85-950C-437D-A61E-412B67DDEA1A}.Debug|Any CPU.ActiveCfg = Debug|Any CPU
		{8402BC85-950C-437D-A61E-412B67DDEA1A}.Debug|Any CPU.Build.0 = Debug|Any CPU
		{8402BC85-950C-437D-A61E-412B67DDEA1A}.Release|Any CPU.ActiveCfg = Release|Any CPU
		{8402BC85-950C-437D-A61E-412B67DDEA1A}.Release|Any CPU.Build.0 = Release|Any CPU
		{5D5C2C5E-020F-4BC4-9D37-E14E144C690D}.Debug|Any CPU.ActiveCfg = Debug|Any CPU
		{5D5C2C5E-020F-4BC4-9D37-E14E144C690D}.Debug|Any CPU.Build.0 = Debug|Any CPU
		{5D5C2C5E-020F-4BC4-9D37-E14E144C690D}.Release|Any CPU.ActiveCfg = Release|Any CPU
		{5D5C2C5E-020F-4BC4-9D37-E14E144C690D}.Release|Any CPU.Build.0 = Release|Any CPU
		{26BBCC23-1DD4-4C79-8A90-E3AF05962BE0}.Debug|Any CPU.ActiveCfg = Debug|Any CPU
		{26BBCC23-1DD4-4C79-8A90-E3AF05962BE0}.Debug|Any CPU.Build.0 = Debug|Any CPU
		{26BBCC23-1DD4-4C79-8A90-E3AF05962BE0}.Release|Any CPU.ActiveCfg = Release|Any CPU
		{26BBCC23-1DD4-4C79-8A90-E3AF05962BE0}.Release|Any CPU.Build.0 = Release|Any CPU
		{63B542F4-9611-40DB-B98A-B9807E500F3D}.Debug|Any CPU.ActiveCfg = Debug|Any CPU
		{63B542F4-9611-40DB-B98A-B9807E500F3D}.Debug|Any CPU.Build.0 = Debug|Any CPU
		{63B542F4-9611-40DB-B98A-B9807E500F3D}.Release|Any CPU.ActiveCfg = Release|Any CPU
		{63B542F4-9611-40DB-B98A-B9807E500F3D}.Release|Any CPU.Build.0 = Release|Any CPU
	EndGlobalSection
	GlobalSection(SolutionProperties) = preSolution
		HideSolutionNode = FALSE
	EndGlobalSection
EndGlobal
